// !$*UTF8*$!
{
	archiveVersion = 1;
	classes = {
	};
	objectVersion = 56;
	objects = {

/* Begin PBXBuildFile section */
		9209A4B82C81F09100A376F7 /* TestApp.swift in Sources */ = {isa = PBXBuildFile; fileRef = 9209A4B72C81F09100A376F7 /* TestApp.swift */; };
		9209A4BA2C81F09100A376F7 /* WelcomeScreen.swift in Sources */ = {isa = PBXBuildFile; fileRef = 9209A4B92C81F09100A376F7 /* WelcomeScreen.swift */; };
		9209A4BC2C81F09300A376F7 /* Assets.xcassets in Resources */ = {isa = PBXBuildFile; fileRef = 9209A4BB2C81F09300A376F7 /* Assets.xcassets */; };
		9209A4BF2C81F09300A376F7 /* Preview Assets.xcassets in Resources */ = {isa = PBXBuildFile; fileRef = 9209A4BE2C81F09300A376F7 /* Preview Assets.xcassets */; };
		9209A4C62C81F9D100A376F7 /* SplashScreen.swift in Sources */ = {isa = PBXBuildFile; fileRef = 9209A4C52C81F9D100A376F7 /* SplashScreen.swift */; };
		922AC2212C8579F3007FB792 /* ArticlesScreen.swift in Sources */ = {isa = PBXBuildFile; fileRef = 922AC2202C8579F3007FB792 /* ArticlesScreen.swift */; };
		92346DB32C8B43EA006AB9EF /* NetworkManager.swift in Sources */ = {isa = PBXBuildFile; fileRef = 92346DB22C8B43EA006AB9EF /* NetworkManager.swift */; };
		92346DB62C8C74B8006AB9EF /* CurrentUser.swift in Sources */ = {isa = PBXBuildFile; fileRef = 92346DB52C8C74B8006AB9EF /* CurrentUser.swift */; };
		924EBDC02C885732003F5620 /* HoveringTabBar.swift in Sources */ = {isa = PBXBuildFile; fileRef = 924EBDBF2C885732003F5620 /* HoveringTabBar.swift */; };
		924EBDC22C88766B003F5620 /* TabScreen.swift in Sources */ = {isa = PBXBuildFile; fileRef = 924EBDC12C88766B003F5620 /* TabScreen.swift */; };
		924EBDC72C888CE0003F5620 /* User.swift in Sources */ = {isa = PBXBuildFile; fileRef = 924EBDC62C888CE0003F5620 /* User.swift */; };
		924EBDC92C889716003F5620 /* UserManager.swift in Sources */ = {isa = PBXBuildFile; fileRef = 924EBDC82C889716003F5620 /* UserManager.swift */; };
		924EBDCB2C8A136C003F5620 /* ArticlesScreenViewModel.swift in Sources */ = {isa = PBXBuildFile; fileRef = 924EBDCA2C8A136C003F5620 /* ArticlesScreenViewModel.swift */; };
		92658A932C85ADB60035FA53 /* ArticleScreen.swift in Sources */ = {isa = PBXBuildFile; fileRef = 92658A922C85ADB60035FA53 /* ArticleScreen.swift */; };
		92B446952C861EF50091FEFD /* Sample.json in Resources */ = {isa = PBXBuildFile; fileRef = 92B446942C861EF50091FEFD /* Sample.json */; };
		92B446982C8626F40091FEFD /* Article.swift in Sources */ = {isa = PBXBuildFile; fileRef = 92B446972C8626F40091FEFD /* Article.swift */; };
		92B4469D2C86F0BF0091FEFD /* ArticleFeedScreenHeader.swift in Sources */ = {isa = PBXBuildFile; fileRef = 92B4469C2C86F0BF0091FEFD /* ArticleFeedScreenHeader.swift */; };
		92B446A12C86F9220091FEFD /* ArticleView.swift in Sources */ = {isa = PBXBuildFile; fileRef = 92B446A02C86F9220091FEFD /* ArticleView.swift */; };
		92B446A32C86FF020091FEFD /* HeaderView.swift in Sources */ = {isa = PBXBuildFile; fileRef = 92B446A22C86FF020091FEFD /* HeaderView.swift */; };
		92B446A52C8707BF0091FEFD /* RecentArticleView.swift in Sources */ = {isa = PBXBuildFile; fileRef = 92B446A42C8707BF0091FEFD /* RecentArticleView.swift */; };
		92B446A72C870EE20091FEFD /* ProfileScreen.swift in Sources */ = {isa = PBXBuildFile; fileRef = 92B446A62C870EE20091FEFD /* ProfileScreen.swift */; };
		92BF2AFF2C8392D80061AD85 /* SignInScreen.swift in Sources */ = {isa = PBXBuildFile; fileRef = 92BF2AFE2C8392D80061AD85 /* SignInScreen.swift */; };
		92BF2B012C8392EA0061AD85 /* SignUpScreen.swift in Sources */ = {isa = PBXBuildFile; fileRef = 92BF2B002C8392EA0061AD85 /* SignUpScreen.swift */; };
		92F345182C83055700CB4A51 /* ArticleFeedScreen.swift in Sources */ = {isa = PBXBuildFile; fileRef = 92F345172C83055700CB4A51 /* ArticleFeedScreen.swift */; };
		92F3CE9B2C820AFB004E78FB /* Scilla-Regular.otf in Resources */ = {isa = PBXBuildFile; fileRef = 92F3CE8B2C820AFB004E78FB /* Scilla-Regular.otf */; };
		92F3CE9C2C820AFB004E78FB /* Scilla-RegularItalic.otf in Resources */ = {isa = PBXBuildFile; fileRef = 92F3CE8C2C820AFB004E78FB /* Scilla-RegularItalic.otf */; };
		92F3CE9D2C820AFB004E78FB /* ScillaNarrow-Regular.otf in Resources */ = {isa = PBXBuildFile; fileRef = 92F3CE8D2C820AFB004E78FB /* ScillaNarrow-Regular.otf */; };
		92F3CE9E2C820AFB004E78FB /* ScillaNarrow-RegularItalic.otf in Resources */ = {isa = PBXBuildFile; fileRef = 92F3CE8E2C820AFB004E78FB /* ScillaNarrow-RegularItalic.otf */; };
		92F3CE9F2C820AFB004E78FB /* Strawford-Black.ttf in Resources */ = {isa = PBXBuildFile; fileRef = 92F3CE902C820AFB004E78FB /* Strawford-Black.ttf */; };
		92F3CEA02C820AFB004E78FB /* Strawford-Bold.ttf in Resources */ = {isa = PBXBuildFile; fileRef = 92F3CE912C820AFB004E78FB /* Strawford-Bold.ttf */; };
		92F3CEA12C820AFB004E78FB /* Strawford-ExtraLight.ttf in Resources */ = {isa = PBXBuildFile; fileRef = 92F3CE922C820AFB004E78FB /* Strawford-ExtraLight.ttf */; };
		92F3CEA22C820AFB004E78FB /* Strawford-Light.ttf in Resources */ = {isa = PBXBuildFile; fileRef = 92F3CE932C820AFB004E78FB /* Strawford-Light.ttf */; };
		92F3CEA32C820AFB004E78FB /* Strawford-Medium.ttf in Resources */ = {isa = PBXBuildFile; fileRef = 92F3CE942C820AFB004E78FB /* Strawford-Medium.ttf */; };
		92F3CEA42C820AFB004E78FB /* Strawford-Regular.ttf in Resources */ = {isa = PBXBuildFile; fileRef = 92F3CE952C820AFB004E78FB /* Strawford-Regular.ttf */; };
		92F3CEA62C820AFB004E78FB /* Northwell.ttf in Resources */ = {isa = PBXBuildFile; fileRef = 92F3CE982C820AFB004E78FB /* Northwell.ttf */; };
		92F3CEA72C820AFB004E78FB /* NorthwellAlt.ttf in Resources */ = {isa = PBXBuildFile; fileRef = 92F3CE992C820AFB004E78FB /* NorthwellAlt.ttf */; };
		92F3CEB22C82191C004E78FB /* Strawford-Thin.ttf in Resources */ = {isa = PBXBuildFile; fileRef = 92F3CEB12C82191C004E78FB /* Strawford-Thin.ttf */; };
/* End PBXBuildFile section */

/* Begin PBXFileReference section */
		9209A4B42C81F09100A376F7 /* Test.app */ = {isa = PBXFileReference; explicitFileType = wrapper.application; includeInIndex = 0; path = Test.app; sourceTree = BUILT_PRODUCTS_DIR; };
		9209A4B72C81F09100A376F7 /* TestApp.swift */ = {isa = PBXFileReference; lastKnownFileType = sourcecode.swift; path = TestApp.swift; sourceTree = "<group>"; };
		9209A4B92C81F09100A376F7 /* WelcomeScreen.swift */ = {isa = PBXFileReference; lastKnownFileType = sourcecode.swift; path = WelcomeScreen.swift; sourceTree = "<group>"; };
		9209A4BB2C81F09300A376F7 /* Assets.xcassets */ = {isa = PBXFileReference; lastKnownFileType = folder.assetcatalog; path = Assets.xcassets; sourceTree = "<group>"; };
		9209A4BE2C81F09300A376F7 /* Preview Assets.xcassets */ = {isa = PBXFileReference; lastKnownFileType = folder.assetcatalog; path = "Preview Assets.xcassets"; sourceTree = "<group>"; };
		9209A4C52C81F9D100A376F7 /* SplashScreen.swift */ = {isa = PBXFileReference; lastKnownFileType = sourcecode.swift; path = SplashScreen.swift; sourceTree = "<group>"; };
		922AC2202C8579F3007FB792 /* ArticlesScreen.swift */ = {isa = PBXFileReference; lastKnownFileType = sourcecode.swift; path = ArticlesScreen.swift; sourceTree = "<group>"; };
		92346DB22C8B43EA006AB9EF /* NetworkManager.swift */ = {isa = PBXFileReference; lastKnownFileType = sourcecode.swift; path = NetworkManager.swift; sourceTree = "<group>"; };
		92346DB52C8C74B8006AB9EF /* CurrentUser.swift */ = {isa = PBXFileReference; lastKnownFileType = sourcecode.swift; path = CurrentUser.swift; sourceTree = "<group>"; };
		924EBDBF2C885732003F5620 /* HoveringTabBar.swift */ = {isa = PBXFileReference; lastKnownFileType = sourcecode.swift; path = HoveringTabBar.swift; sourceTree = "<group>"; };
		924EBDC12C88766B003F5620 /* TabScreen.swift */ = {isa = PBXFileReference; lastKnownFileType = sourcecode.swift; path = TabScreen.swift; sourceTree = "<group>"; };
		924EBDC62C888CE0003F5620 /* User.swift */ = {isa = PBXFileReference; lastKnownFileType = sourcecode.swift; path = User.swift; sourceTree = "<group>"; };
		924EBDC82C889716003F5620 /* UserManager.swift */ = {isa = PBXFileReference; lastKnownFileType = sourcecode.swift; path = UserManager.swift; sourceTree = "<group>"; };
		924EBDCA2C8A136C003F5620 /* ArticlesScreenViewModel.swift */ = {isa = PBXFileReference; lastKnownFileType = sourcecode.swift; path = ArticlesScreenViewModel.swift; sourceTree = "<group>"; };
		92658A922C85ADB60035FA53 /* ArticleScreen.swift */ = {isa = PBXFileReference; lastKnownFileType = sourcecode.swift; path = ArticleScreen.swift; sourceTree = "<group>"; };
		92B446942C861EF50091FEFD /* Sample.json */ = {isa = PBXFileReference; fileEncoding = 4; lastKnownFileType = text.json; path = Sample.json; sourceTree = "<group>"; };
		92B446972C8626F40091FEFD /* Article.swift */ = {isa = PBXFileReference; lastKnownFileType = sourcecode.swift; path = Article.swift; sourceTree = "<group>"; };
		92B4469C2C86F0BF0091FEFD /* ArticleFeedScreenHeader.swift */ = {isa = PBXFileReference; lastKnownFileType = sourcecode.swift; path = ArticleFeedScreenHeader.swift; sourceTree = "<group>"; };
		92B446A02C86F9220091FEFD /* ArticleView.swift */ = {isa = PBXFileReference; lastKnownFileType = sourcecode.swift; path = ArticleView.swift; sourceTree = "<group>"; };
		92B446A22C86FF020091FEFD /* HeaderView.swift */ = {isa = PBXFileReference; lastKnownFileType = sourcecode.swift; path = HeaderView.swift; sourceTree = "<group>"; };
		92B446A42C8707BF0091FEFD /* RecentArticleView.swift */ = {isa = PBXFileReference; lastKnownFileType = sourcecode.swift; path = RecentArticleView.swift; sourceTree = "<group>"; };
		92B446A62C870EE20091FEFD /* ProfileScreen.swift */ = {isa = PBXFileReference; lastKnownFileType = sourcecode.swift; path = ProfileScreen.swift; sourceTree = "<group>"; };
		92BF2AFE2C8392D80061AD85 /* SignInScreen.swift */ = {isa = PBXFileReference; lastKnownFileType = sourcecode.swift; path = SignInScreen.swift; sourceTree = "<group>"; };
		92BF2B002C8392EA0061AD85 /* SignUpScreen.swift */ = {isa = PBXFileReference; lastKnownFileType = sourcecode.swift; path = SignUpScreen.swift; sourceTree = "<group>"; };
		92F345172C83055700CB4A51 /* ArticleFeedScreen.swift */ = {isa = PBXFileReference; lastKnownFileType = sourcecode.swift; path = ArticleFeedScreen.swift; sourceTree = "<group>"; };
		92F3CE8B2C820AFB004E78FB /* Scilla-Regular.otf */ = {isa = PBXFileReference; lastKnownFileType = file; path = "Scilla-Regular.otf"; sourceTree = "<group>"; };
		92F3CE8C2C820AFB004E78FB /* Scilla-RegularItalic.otf */ = {isa = PBXFileReference; lastKnownFileType = file; path = "Scilla-RegularItalic.otf"; sourceTree = "<group>"; };
		92F3CE8D2C820AFB004E78FB /* ScillaNarrow-Regular.otf */ = {isa = PBXFileReference; lastKnownFileType = file; path = "ScillaNarrow-Regular.otf"; sourceTree = "<group>"; };
		92F3CE8E2C820AFB004E78FB /* ScillaNarrow-RegularItalic.otf */ = {isa = PBXFileReference; lastKnownFileType = file; path = "ScillaNarrow-RegularItalic.otf"; sourceTree = "<group>"; };
		92F3CE902C820AFB004E78FB /* Strawford-Black.ttf */ = {isa = PBXFileReference; lastKnownFileType = file; path = "Strawford-Black.ttf"; sourceTree = "<group>"; };
		92F3CE912C820AFB004E78FB /* Strawford-Bold.ttf */ = {isa = PBXFileReference; lastKnownFileType = file; path = "Strawford-Bold.ttf"; sourceTree = "<group>"; };
		92F3CE922C820AFB004E78FB /* Strawford-ExtraLight.ttf */ = {isa = PBXFileReference; lastKnownFileType = file; path = "Strawford-ExtraLight.ttf"; sourceTree = "<group>"; };
		92F3CE932C820AFB004E78FB /* Strawford-Light.ttf */ = {isa = PBXFileReference; lastKnownFileType = file; path = "Strawford-Light.ttf"; sourceTree = "<group>"; };
		92F3CE942C820AFB004E78FB /* Strawford-Medium.ttf */ = {isa = PBXFileReference; lastKnownFileType = file; path = "Strawford-Medium.ttf"; sourceTree = "<group>"; };
		92F3CE952C820AFB004E78FB /* Strawford-Regular.ttf */ = {isa = PBXFileReference; lastKnownFileType = file; path = "Strawford-Regular.ttf"; sourceTree = "<group>"; };
		92F3CE982C820AFB004E78FB /* Northwell.ttf */ = {isa = PBXFileReference; lastKnownFileType = file; path = Northwell.ttf; sourceTree = "<group>"; };
		92F3CE992C820AFB004E78FB /* NorthwellAlt.ttf */ = {isa = PBXFileReference; lastKnownFileType = file; path = NorthwellAlt.ttf; sourceTree = "<group>"; };
		92F3CEB12C82191C004E78FB /* Strawford-Thin.ttf */ = {isa = PBXFileReference; lastKnownFileType = file; path = "Strawford-Thin.ttf"; sourceTree = "<group>"; };
/* End PBXFileReference section */

/* Begin PBXFrameworksBuildPhase section */
		9209A4B12C81F09100A376F7 /* Frameworks */ = {
			isa = PBXFrameworksBuildPhase;
			buildActionMask = 2147483647;
			files = (
			);
			runOnlyForDeploymentPostprocessing = 0;
		};
/* End PBXFrameworksBuildPhase section */

/* Begin PBXGroup section */
		9209A4AB2C81F09100A376F7 = {
			isa = PBXGroup;
			children = (
				9209A4B62C81F09100A376F7 /* Test */,
				9209A4B52C81F09100A376F7 /* Products */,
			);
			sourceTree = "<group>";
		};
		9209A4B52C81F09100A376F7 /* Products */ = {
			isa = PBXGroup;
			children = (
				9209A4B42C81F09100A376F7 /* Test.app */,
			);
			name = Products;
			sourceTree = "<group>";
		};
		9209A4B62C81F09100A376F7 /* Test */ = {
			isa = PBXGroup;
			children = (
				92B446942C861EF50091FEFD /* Sample.json */,
				92F3CE6D2C8209D1004E78FB /* project_fonts */,
				9209A4B72C81F09100A376F7 /* TestApp.swift */,
				92346DB22C8B43EA006AB9EF /* NetworkManager.swift */,
				924EBDC82C889716003F5620 /* UserManager.swift */,
				92B446962C8623500091FEFD /* Model */,
				9209A4C52C81F9D100A376F7 /* SplashScreen.swift */,
				9209A4B92C81F09100A376F7 /* WelcomeScreen.swift */,
				92BF2AFE2C8392D80061AD85 /* SignInScreen.swift */,
				92BF2B002C8392EA0061AD85 /* SignUpScreen.swift */,
				92B4469B2C86EDC90091FEFD /* Home */,
				92658A922C85ADB60035FA53 /* ArticleScreen.swift */,
				922AC2202C8579F3007FB792 /* ArticlesScreen.swift */,
				924EBDCA2C8A136C003F5620 /* ArticlesScreenViewModel.swift */,
				92B446A62C870EE20091FEFD /* ProfileScreen.swift */,
				92B446A22C86FF020091FEFD /* HeaderView.swift */,
				92346DB42C8C457D006AB9EF /* Support */,
				9209A4BB2C81F09300A376F7 /* Assets.xcassets */,
				9209A4BD2C81F09300A376F7 /* Preview Content */,
			);
			path = Test;
			sourceTree = "<group>";
		};
		9209A4BD2C81F09300A376F7 /* Preview Content */ = {
			isa = PBXGroup;
			children = (
				9209A4BE2C81F09300A376F7 /* Preview Assets.xcassets */,
			);
			path = "Preview Content";
			sourceTree = "<group>";
		};
		92346DB42C8C457D006AB9EF /* Support */ = {
			isa = PBXGroup;
			children = (
				924EBDBF2C885732003F5620 /* HoveringTabBar.swift */,
			);
			path = Support;
			sourceTree = "<group>";
		};
		92B446962C8623500091FEFD /* Model */ = {
			isa = PBXGroup;
			children = (
				92B446972C8626F40091FEFD /* Article.swift */,
				924EBDC62C888CE0003F5620 /* User.swift */,
				92346DB52C8C74B8006AB9EF /* CurrentUser.swift */,
			);
			path = Model;
			sourceTree = "<group>";
		};
		92B4469B2C86EDC90091FEFD /* Home */ = {
			isa = PBXGroup;
			children = (
				924EBDC12C88766B003F5620 /* TabScreen.swift */,
				92F345172C83055700CB4A51 /* ArticleFeedScreen.swift */,
				92B4469C2C86F0BF0091FEFD /* ArticleFeedScreenHeader.swift */,
				92B446A02C86F9220091FEFD /* ArticleView.swift */,
				92B446A42C8707BF0091FEFD /* RecentArticleView.swift */,
			);
			path = Home;
			sourceTree = "<group>";
		};
		92F3CE6D2C8209D1004E78FB /* project_fonts */ = {
			isa = PBXGroup;
			children = (
				92F3CE9A2C820AFB004E78FB /* NorthWell */,
				92F3CE8F2C820AFB004E78FB /* Scilla */,
				92F3CE972C820AFB004E78FB /* Strawford */,
			);
			path = project_fonts;
			sourceTree = "<group>";
		};
		92F3CE8F2C820AFB004E78FB /* Scilla */ = {
			isa = PBXGroup;
			children = (
				92F3CE8B2C820AFB004E78FB /* Scilla-Regular.otf */,
				92F3CE8C2C820AFB004E78FB /* Scilla-RegularItalic.otf */,
				92F3CE8D2C820AFB004E78FB /* ScillaNarrow-Regular.otf */,
				92F3CE8E2C820AFB004E78FB /* ScillaNarrow-RegularItalic.otf */,
			);
			path = Scilla;
			sourceTree = "<group>";
		};
		92F3CE972C820AFB004E78FB /* Strawford */ = {
			isa = PBXGroup;
			children = (
				92F3CEB12C82191C004E78FB /* Strawford-Thin.ttf */,
				92F3CE902C820AFB004E78FB /* Strawford-Black.ttf */,
				92F3CE912C820AFB004E78FB /* Strawford-Bold.ttf */,
				92F3CE922C820AFB004E78FB /* Strawford-ExtraLight.ttf */,
				92F3CE932C820AFB004E78FB /* Strawford-Light.ttf */,
				92F3CE942C820AFB004E78FB /* Strawford-Medium.ttf */,
				92F3CE952C820AFB004E78FB /* Strawford-Regular.ttf */,
			);
			path = Strawford;
			sourceTree = "<group>";
		};
		92F3CE9A2C820AFB004E78FB /* NorthWell */ = {
			isa = PBXGroup;
			children = (
				92F3CE982C820AFB004E78FB /* Northwell.ttf */,
				92F3CE992C820AFB004E78FB /* NorthwellAlt.ttf */,
			);
			path = NorthWell;
			sourceTree = "<group>";
		};
/* End PBXGroup section */

/* Begin PBXNativeTarget section */
		9209A4B32C81F09100A376F7 /* Test */ = {
			isa = PBXNativeTarget;
			buildConfigurationList = 9209A4C22C81F09300A376F7 /* Build configuration list for PBXNativeTarget "Test" */;
			buildPhases = (
				9209A4B02C81F09100A376F7 /* Sources */,
				9209A4B12C81F09100A376F7 /* Frameworks */,
				9209A4B22C81F09100A376F7 /* Resources */,
			);
			buildRules = (
			);
			dependencies = (
			);
			name = Test;
			productName = Test;
			productReference = 9209A4B42C81F09100A376F7 /* Test.app */;
			productType = "com.apple.product-type.application";
		};
/* End PBXNativeTarget section */

/* Begin PBXProject section */
		9209A4AC2C81F09100A376F7 /* Project object */ = {
			isa = PBXProject;
			attributes = {
				BuildIndependentTargetsInParallel = 1;
				LastSwiftUpdateCheck = 1540;
				LastUpgradeCheck = 1540;
				TargetAttributes = {
					9209A4B32C81F09100A376F7 = {
						CreatedOnToolsVersion = 15.4;
					};
				};
			};
			buildConfigurationList = 9209A4AF2C81F09100A376F7 /* Build configuration list for PBXProject "Test" */;
			compatibilityVersion = "Xcode 14.0";
			developmentRegion = en;
			hasScannedForEncodings = 0;
			knownRegions = (
				en,
				Base,
			);
			mainGroup = 9209A4AB2C81F09100A376F7;
			productRefGroup = 9209A4B52C81F09100A376F7 /* Products */;
			projectDirPath = "";
			projectRoot = "";
			targets = (
				9209A4B32C81F09100A376F7 /* Test */,
			);
		};
/* End PBXProject section */

/* Begin PBXResourcesBuildPhase section */
		9209A4B22C81F09100A376F7 /* Resources */ = {
			isa = PBXResourcesBuildPhase;
			buildActionMask = 2147483647;
			files = (
				92F3CEA42C820AFB004E78FB /* Strawford-Regular.ttf in Resources */,
				92F3CEA02C820AFB004E78FB /* Strawford-Bold.ttf in Resources */,
				92F3CEA32C820AFB004E78FB /* Strawford-Medium.ttf in Resources */,
				92F3CE9C2C820AFB004E78FB /* Scilla-RegularItalic.otf in Resources */,
				92F3CE9E2C820AFB004E78FB /* ScillaNarrow-RegularItalic.otf in Resources */,
				92B446952C861EF50091FEFD /* Sample.json in Resources */,
				92F3CE9B2C820AFB004E78FB /* Scilla-Regular.otf in Resources */,
				92F3CEA22C820AFB004E78FB /* Strawford-Light.ttf in Resources */,
				92F3CEA72C820AFB004E78FB /* NorthwellAlt.ttf in Resources */,
				92F3CEB22C82191C004E78FB /* Strawford-Thin.ttf in Resources */,
				92F3CEA62C820AFB004E78FB /* Northwell.ttf in Resources */,
				9209A4BF2C81F09300A376F7 /* Preview Assets.xcassets in Resources */,
				9209A4BC2C81F09300A376F7 /* Assets.xcassets in Resources */,
				92F3CE9D2C820AFB004E78FB /* ScillaNarrow-Regular.otf in Resources */,
				92F3CE9F2C820AFB004E78FB /* Strawford-Black.ttf in Resources */,
				92F3CEA12C820AFB004E78FB /* Strawford-ExtraLight.ttf in Resources */,
			);
			runOnlyForDeploymentPostprocessing = 0;
		};
/* End PBXResourcesBuildPhase section */

/* Begin PBXSourcesBuildPhase section */
		9209A4B02C81F09100A376F7 /* Sources */ = {
			isa = PBXSourcesBuildPhase;
			buildActionMask = 2147483647;
			files = (
				92346DB32C8B43EA006AB9EF /* NetworkManager.swift in Sources */,
				92B446A12C86F9220091FEFD /* ArticleView.swift in Sources */,
				92B446982C8626F40091FEFD /* Article.swift in Sources */,
				92B446A52C8707BF0091FEFD /* RecentArticleView.swift in Sources */,
				922AC2212C8579F3007FB792 /* ArticlesScreen.swift in Sources */,
				92B4469D2C86F0BF0091FEFD /* ArticleFeedScreenHeader.swift in Sources */,
				924EBDC02C885732003F5620 /* HoveringTabBar.swift in Sources */,
				92B446A72C870EE20091FEFD /* ProfileScreen.swift in Sources */,
				924EBDC72C888CE0003F5620 /* User.swift in Sources */,
				924EBDCB2C8A136C003F5620 /* ArticlesScreenViewModel.swift in Sources */,
				924EBDC22C88766B003F5620 /* TabScreen.swift in Sources */,
				92BF2AFF2C8392D80061AD85 /* SignInScreen.swift in Sources */,
				9209A4BA2C81F09100A376F7 /* WelcomeScreen.swift in Sources */,
				924EBDC92C889716003F5620 /* UserManager.swift in Sources */,
				92BF2B012C8392EA0061AD85 /* SignUpScreen.swift in Sources */,
				92F345182C83055700CB4A51 /* ArticleFeedScreen.swift in Sources */,
				92B446A32C86FF020091FEFD /* HeaderView.swift in Sources */,
				9209A4B82C81F09100A376F7 /* TestApp.swift in Sources */,
				92658A932C85ADB60035FA53 /* ArticleScreen.swift in Sources */,
				92346DB62C8C74B8006AB9EF /* CurrentUser.swift in Sources */,
				9209A4C62C81F9D100A376F7 /* SplashScreen.swift in Sources */,
			);
			runOnlyForDeploymentPostprocessing = 0;
		};
/* End PBXSourcesBuildPhase section */

/* Begin XCBuildConfiguration section */
		9209A4C02C81F09300A376F7 /* Debug */ = {
			isa = XCBuildConfiguration;
			buildSettings = {
				ALWAYS_SEARCH_USER_PATHS = NO;
				ASSETCATALOG_COMPILER_GENERATE_SWIFT_ASSET_SYMBOL_EXTENSIONS = YES;
				CLANG_ANALYZER_NONNULL = YES;
				CLANG_ANALYZER_NUMBER_OBJECT_CONVERSION = YES_AGGRESSIVE;
				CLANG_CXX_LANGUAGE_STANDARD = "gnu++20";
				CLANG_ENABLE_MODULES = YES;
				CLANG_ENABLE_OBJC_ARC = YES;
				CLANG_ENABLE_OBJC_WEAK = YES;
				CLANG_WARN_BLOCK_CAPTURE_AUTORELEASING = YES;
				CLANG_WARN_BOOL_CONVERSION = YES;
				CLANG_WARN_COMMA = YES;
				CLANG_WARN_CONSTANT_CONVERSION = YES;
				CLANG_WARN_DEPRECATED_OBJC_IMPLEMENTATIONS = YES;
				CLANG_WARN_DIRECT_OBJC_ISA_USAGE = YES_ERROR;
				CLANG_WARN_DOCUMENTATION_COMMENTS = YES;
				CLANG_WARN_EMPTY_BODY = YES;
				CLANG_WARN_ENUM_CONVERSION = YES;
				CLANG_WARN_INFINITE_RECURSION = YES;
				CLANG_WARN_INT_CONVERSION = YES;
				CLANG_WARN_NON_LITERAL_NULL_CONVERSION = YES;
				CLANG_WARN_OBJC_IMPLICIT_RETAIN_SELF = YES;
				CLANG_WARN_OBJC_LITERAL_CONVERSION = YES;
				CLANG_WARN_OBJC_ROOT_CLASS = YES_ERROR;
				CLANG_WARN_QUOTED_INCLUDE_IN_FRAMEWORK_HEADER = YES;
				CLANG_WARN_RANGE_LOOP_ANALYSIS = YES;
				CLANG_WARN_STRICT_PROTOTYPES = YES;
				CLANG_WARN_SUSPICIOUS_MOVE = YES;
				CLANG_WARN_UNGUARDED_AVAILABILITY = YES_AGGRESSIVE;
				CLANG_WARN_UNREACHABLE_CODE = YES;
				CLANG_WARN__DUPLICATE_METHOD_MATCH = YES;
				COPY_PHASE_STRIP = NO;
				DEBUG_INFORMATION_FORMAT = dwarf;
				ENABLE_STRICT_OBJC_MSGSEND = YES;
				ENABLE_TESTABILITY = YES;
				ENABLE_USER_SCRIPT_SANDBOXING = YES;
				GCC_C_LANGUAGE_STANDARD = gnu17;
				GCC_DYNAMIC_NO_PIC = NO;
				GCC_NO_COMMON_BLOCKS = YES;
				GCC_OPTIMIZATION_LEVEL = 0;
				GCC_PREPROCESSOR_DEFINITIONS = (
					"DEBUG=1",
					"$(inherited)",
				);
				GCC_WARN_64_TO_32_BIT_CONVERSION = YES;
				GCC_WARN_ABOUT_RETURN_TYPE = YES_ERROR;
				GCC_WARN_UNDECLARED_SELECTOR = YES;
				GCC_WARN_UNINITIALIZED_AUTOS = YES_AGGRESSIVE;
				GCC_WARN_UNUSED_FUNCTION = YES;
				GCC_WARN_UNUSED_VARIABLE = YES;
				IPHONEOS_DEPLOYMENT_TARGET = 17.0;
				LOCALIZATION_PREFERS_STRING_CATALOGS = YES;
				MTL_ENABLE_DEBUG_INFO = INCLUDE_SOURCE;
				MTL_FAST_MATH = YES;
				ONLY_ACTIVE_ARCH = YES;
				SDKROOT = iphoneos;
				SWIFT_ACTIVE_COMPILATION_CONDITIONS = "DEBUG $(inherited)";
				SWIFT_OPTIMIZATION_LEVEL = "-Onone";
			};
			name = Debug;
		};
		9209A4C12C81F09300A376F7 /* Release */ = {
			isa = XCBuildConfiguration;
			buildSettings = {
				ALWAYS_SEARCH_USER_PATHS = NO;
				ASSETCATALOG_COMPILER_GENERATE_SWIFT_ASSET_SYMBOL_EXTENSIONS = YES;
				CLANG_ANALYZER_NONNULL = YES;
				CLANG_ANALYZER_NUMBER_OBJECT_CONVERSION = YES_AGGRESSIVE;
				CLANG_CXX_LANGUAGE_STANDARD = "gnu++20";
				CLANG_ENABLE_MODULES = YES;
				CLANG_ENABLE_OBJC_ARC = YES;
				CLANG_ENABLE_OBJC_WEAK = YES;
				CLANG_WARN_BLOCK_CAPTURE_AUTORELEASING = YES;
				CLANG_WARN_BOOL_CONVERSION = YES;
				CLANG_WARN_COMMA = YES;
				CLANG_WARN_CONSTANT_CONVERSION = YES;
				CLANG_WARN_DEPRECATED_OBJC_IMPLEMENTATIONS = YES;
				CLANG_WARN_DIRECT_OBJC_ISA_USAGE = YES_ERROR;
				CLANG_WARN_DOCUMENTATION_COMMENTS = YES;
				CLANG_WARN_EMPTY_BODY = YES;
				CLANG_WARN_ENUM_CONVERSION = YES;
				CLANG_WARN_INFINITE_RECURSION = YES;
				CLANG_WARN_INT_CONVERSION = YES;
				CLANG_WARN_NON_LITERAL_NULL_CONVERSION = YES;
				CLANG_WARN_OBJC_IMPLICIT_RETAIN_SELF = YES;
				CLANG_WARN_OBJC_LITERAL_CONVERSION = YES;
				CLANG_WARN_OBJC_ROOT_CLASS = YES_ERROR;
				CLANG_WARN_QUOTED_INCLUDE_IN_FRAMEWORK_HEADER = YES;
				CLANG_WARN_RANGE_LOOP_ANALYSIS = YES;
				CLANG_WARN_STRICT_PROTOTYPES = YES;
				CLANG_WARN_SUSPICIOUS_MOVE = YES;
				CLANG_WARN_UNGUARDED_AVAILABILITY = YES_AGGRESSIVE;
				CLANG_WARN_UNREACHABLE_CODE = YES;
				CLANG_WARN__DUPLICATE_METHOD_MATCH = YES;
				COPY_PHASE_STRIP = NO;
				DEBUG_INFORMATION_FORMAT = "dwarf-with-dsym";
				ENABLE_NS_ASSERTIONS = NO;
				ENABLE_STRICT_OBJC_MSGSEND = YES;
				ENABLE_USER_SCRIPT_SANDBOXING = YES;
				GCC_C_LANGUAGE_STANDARD = gnu17;
				GCC_NO_COMMON_BLOCKS = YES;
				GCC_WARN_64_TO_32_BIT_CONVERSION = YES;
				GCC_WARN_ABOUT_RETURN_TYPE = YES_ERROR;
				GCC_WARN_UNDECLARED_SELECTOR = YES;
				GCC_WARN_UNINITIALIZED_AUTOS = YES_AGGRESSIVE;
				GCC_WARN_UNUSED_FUNCTION = YES;
				GCC_WARN_UNUSED_VARIABLE = YES;
				IPHONEOS_DEPLOYMENT_TARGET = 17.0;
				LOCALIZATION_PREFERS_STRING_CATALOGS = YES;
				MTL_ENABLE_DEBUG_INFO = NO;
				MTL_FAST_MATH = YES;
				SDKROOT = iphoneos;
				SWIFT_COMPILATION_MODE = wholemodule;
				VALIDATE_PRODUCT = YES;
			};
			name = Release;
		};
		9209A4C32C81F09300A376F7 /* Debug */ = {
			isa = XCBuildConfiguration;
			buildSettings = {
				ASSETCATALOG_COMPILER_APPICON_NAME = AppIcon;
				ASSETCATALOG_COMPILER_GLOBAL_ACCENT_COLOR_NAME = AccentColor;
				CODE_SIGN_STYLE = Automatic;
				CURRENT_PROJECT_VERSION = 1;
				DEVELOPMENT_ASSET_PATHS = "\"Test/Preview Content\"";
				DEVELOPMENT_TEAM = 7C77BL6XPX;
				ENABLE_PREVIEWS = YES;
				GENERATE_INFOPLIST_FILE = YES;
				INFOPLIST_FILE = Test/Info.plist;
				INFOPLIST_KEY_UIApplicationSceneManifest_Generation = YES;
				INFOPLIST_KEY_UIApplicationSupportsIndirectInputEvents = YES;
				INFOPLIST_KEY_UILaunchScreen_Generation = YES;
				INFOPLIST_KEY_UISupportedInterfaceOrientations_iPad = "UIInterfaceOrientationPortrait UIInterfaceOrientationPortraitUpsideDown UIInterfaceOrientationLandscapeLeft UIInterfaceOrientationLandscapeRight";
				INFOPLIST_KEY_UISupportedInterfaceOrientations_iPhone = "UIInterfaceOrientationPortrait UIInterfaceOrientationLandscapeLeft UIInterfaceOrientationLandscapeRight";
				LD_RUNPATH_SEARCH_PATHS = (
					"$(inherited)",
					"@executable_path/Frameworks",
				);
				MARKETING_VERSION = 1.0;
				PRODUCT_BUNDLE_IDENTIFIER = com.Alyke.Test;
				PRODUCT_NAME = "$(TARGET_NAME)";
				SWIFT_EMIT_LOC_STRINGS = YES;
				SWIFT_VERSION = 5.0;
				TARGETED_DEVICE_FAMILY = "1,2";
			};
			name = Debug;
		};
		9209A4C42C81F09300A376F7 /* Release */ = {
			isa = XCBuildConfiguration;
			buildSettings = {
				ASSETCATALOG_COMPILER_APPICON_NAME = AppIcon;
				ASSETCATALOG_COMPILER_GLOBAL_ACCENT_COLOR_NAME = AccentColor;
				CODE_SIGN_STYLE = Automatic;
				CURRENT_PROJECT_VERSION = 1;
				DEVELOPMENT_ASSET_PATHS = "\"Test/Preview Content\"";
				DEVELOPMENT_TEAM = 7C77BL6XPX;
				ENABLE_PREVIEWS = YES;
				GENERATE_INFOPLIST_FILE = YES;
				INFOPLIST_FILE = Test/Info.plist;
				INFOPLIST_KEY_UIApplicationSceneManifest_Generation = YES;
				INFOPLIST_KEY_UIApplicationSupportsIndirectInputEvents = YES;
				INFOPLIST_KEY_UILaunchScreen_Generation = YES;
				INFOPLIST_KEY_UISupportedInterfaceOrientations_iPad = "UIInterfaceOrientationPortrait UIInterfaceOrientationPortraitUpsideDown UIInterfaceOrientationLandscapeLeft UIInterfaceOrientationLandscapeRight";
				INFOPLIST_KEY_UISupportedInterfaceOrientations_iPhone = "UIInterfaceOrientationPortrait UIInterfaceOrientationLandscapeLeft UIInterfaceOrientationLandscapeRight";
				LD_RUNPATH_SEARCH_PATHS = (
					"$(inherited)",
					"@executable_path/Frameworks",
				);
				MARKETING_VERSION = 1.0;
				PRODUCT_BUNDLE_IDENTIFIER = com.Alyke.Test;
				PRODUCT_NAME = "$(TARGET_NAME)";
				SWIFT_EMIT_LOC_STRINGS = YES;
				SWIFT_VERSION = 5.0;
				TARGETED_DEVICE_FAMILY = "1,2";
			};
			name = Release;
		};
/* End XCBuildConfiguration section */

/* Begin XCConfigurationList section */
		9209A4AF2C81F09100A376F7 /* Build configuration list for PBXProject "Test" */ = {
			isa = XCConfigurationList;
			buildConfigurations = (
				9209A4C02C81F09300A376F7 /* Debug */,
				9209A4C12C81F09300A376F7 /* Release */,
			);
			defaultConfigurationIsVisible = 0;
			defaultConfigurationName = Release;
		};
		9209A4C22C81F09300A376F7 /* Build configuration list for PBXNativeTarget "Test" */ = {
			isa = XCConfigurationList;
			buildConfigurations = (
				9209A4C32C81F09300A376F7 /* Debug */,
				9209A4C42C81F09300A376F7 /* Release */,
			);
			defaultConfigurationIsVisible = 0;
			defaultConfigurationName = Release;
		};
/* End XCConfigurationList section */
	};
	rootObject = 9209A4AC2C81F09100A376F7 /* Project object */;
}
